// !$*UTF8*$!
{
	archiveVersion = 1;
	classes = {
	};
	objectVersion = 55;
	objects = {

/* Begin PBXBuildFile section */
		4E583E8427AD32AC00810282 /* NikolaevAA_3_5App.swift in Sources */ = {isa = PBXBuildFile; fileRef = 4E583E8327AD32AC00810282 /* NikolaevAA_3_5App.swift */; };
		4E583E8627AD32AC00810282 /* ContactsView.swift in Sources */ = {isa = PBXBuildFile; fileRef = 4E583E8527AD32AC00810282 /* ContactsView.swift */; };
		4E583E8827AD32AD00810282 /* Assets.xcassets in Resources */ = {isa = PBXBuildFile; fileRef = 4E583E8727AD32AD00810282 /* Assets.xcassets */; };
		4E583E8B27AD32AD00810282 /* Preview Assets.xcassets in Resources */ = {isa = PBXBuildFile; fileRef = 4E583E8A27AD32AD00810282 /* Preview Assets.xcassets */; };
		4E583E9427AD332800810282 /* DataManager.swift in Sources */ = {isa = PBXBuildFile; fileRef = 4E583E9327AD332800810282 /* DataManager.swift */; };
		4E583E9627AD336000810282 /* Person.swift in Sources */ = {isa = PBXBuildFile; fileRef = 4E583E9527AD336000810282 /* Person.swift */; };
		4E583E9827AD382900810282 /* UserProfileView.swift in Sources */ = {isa = PBXBuildFile; fileRef = 4E583E9727AD382900810282 /* UserProfileView.swift */; };
		4E583E9A27AD385B00810282 /* NumbersView.swift in Sources */ = {isa = PBXBuildFile; fileRef = 4E583E9927AD385B00810282 /* NumbersView.swift */; };
		4E583E9C27AD3AB900810282 /* ContentView.swift in Sources */ = {isa = PBXBuildFile; fileRef = 4E583E9B27AD3AB900810282 /* ContentView.swift */; };
/* End PBXBuildFile section */

/* Begin PBXFileReference section */
		4E583E8027AD32AC00810282 /* NikolaevAA_3.5.app */ = {isa = PBXFileReference; explicitFileType = wrapper.application; includeInIndex = 0; path = NikolaevAA_3.5.app; sourceTree = BUILT_PRODUCTS_DIR; };
		4E583E8327AD32AC00810282 /* NikolaevAA_3_5App.swift */ = {isa = PBXFileReference; lastKnownFileType = sourcecode.swift; path = NikolaevAA_3_5App.swift; sourceTree = "<group>"; };
		4E583E8527AD32AC00810282 /* ContactsView.swift */ = {isa = PBXFileReference; lastKnownFileType = sourcecode.swift; path = ContactsView.swift; sourceTree = "<group>"; };
		4E583E8727AD32AD00810282 /* Assets.xcassets */ = {isa = PBXFileReference; lastKnownFileType = folder.assetcatalog; path = Assets.xcassets; sourceTree = "<group>"; };
		4E583E8A27AD32AD00810282 /* Preview Assets.xcassets */ = {isa = PBXFileReference; lastKnownFileType = folder.assetcatalog; path = "Preview Assets.xcassets"; sourceTree = "<group>"; };
		4E583E9327AD332800810282 /* DataManager.swift */ = {isa = PBXFileReference; lastKnownFileType = sourcecode.swift; path = DataManager.swift; sourceTree = "<group>"; };
		4E583E9527AD336000810282 /* Person.swift */ = {isa = PBXFileReference; lastKnownFileType = sourcecode.swift; path = Person.swift; sourceTree = "<group>"; };
		4E583E9727AD382900810282 /* UserProfileView.swift */ = {isa = PBXFileReference; lastKnownFileType = sourcecode.swift; path = UserProfileView.swift; sourceTree = "<group>"; };
		4E583E9927AD385B00810282 /* NumbersView.swift */ = {isa = PBXFileReference; lastKnownFileType = sourcecode.swift; path = NumbersView.swift; sourceTree = "<group>"; };
		4E583E9B27AD3AB900810282 /* ContentView.swift */ = {isa = PBXFileReference; lastKnownFileType = sourcecode.swift; path = ContentView.swift; sourceTree = "<group>"; };
/* End PBXFileReference section */

/* Begin PBXFrameworksBuildPhase section */
		4E583E7D27AD32AC00810282 /* Frameworks */ = {
			isa = PBXFrameworksBuildPhase;
			buildActionMask = 2147483647;
			files = (
			);
			runOnlyForDeploymentPostprocessing = 0;
		};
/* End PBXFrameworksBuildPhase section */

/* Begin PBXGroup section */
		4E583E7727AD32AC00810282 = {
			isa = PBXGroup;
			children = (
				4E583E8227AD32AC00810282 /* NikolaevAA_3.5 */,
				4E583E8127AD32AC00810282 /* Products */,
			);
			sourceTree = "<group>";
		};
		4E583E8127AD32AC00810282 /* Products */ = {
			isa = PBXGroup;
			children = (
				4E583E8027AD32AC00810282 /* NikolaevAA_3.5.app */,
			);
			name = Products;
			sourceTree = "<group>";
		};
		4E583E8227AD32AC00810282 /* NikolaevAA_3.5 */ = {
			isa = PBXGroup;
			children = (
				4E583E9227AD32FF00810282 /* Models */,
				4E583E9127AD32E200810282 /* Services */,
				4E583E8327AD32AC00810282 /* NikolaevAA_3_5App.swift */,
				4E583E9B27AD3AB900810282 /* ContentView.swift */,
				4E583E8527AD32AC00810282 /* ContactsView.swift */,
				4E583E9727AD382900810282 /* UserProfileView.swift */,
				4E583E9927AD385B00810282 /* NumbersView.swift */,
				4E583E8727AD32AD00810282 /* Assets.xcassets */,
				4E583E8927AD32AD00810282 /* Preview Content */,
			);
			path = NikolaevAA_3.5;
			sourceTree = "<group>";
		};
		4E583E8927AD32AD00810282 /* Preview Content */ = {
			isa = PBXGroup;
			children = (
				4E583E8A27AD32AD00810282 /* Preview Assets.xcassets */,
			);
			path = "Preview Content";
			sourceTree = "<group>";
		};
		4E583E9127AD32E200810282 /* Services */ = {
			isa = PBXGroup;
			children = (
				4E583E9327AD332800810282 /* DataManager.swift */,
			);
			path = Services;
			sourceTree = "<group>";
		};
		4E583E9227AD32FF00810282 /* Models */ = {
			isa = PBXGroup;
			children = (
				4E583E9527AD336000810282 /* Person.swift */,
			);
			path = Models;
			sourceTree = "<group>";
		};
/* End PBXGroup section */

/* Begin PBXNativeTarget section */
		4E583E7F27AD32AC00810282 /* NikolaevAA_3.5 */ = {
			isa = PBXNativeTarget;
			buildConfigurationList = 4E583E8E27AD32AD00810282 /* Build configuration list for PBXNativeTarget "NikolaevAA_3.5" */;
			buildPhases = (
				4E583E7C27AD32AC00810282 /* Sources */,
				4E583E7D27AD32AC00810282 /* Frameworks */,
				4E583E7E27AD32AC00810282 /* Resources */,
			);
			buildRules = (
			);
			dependencies = (
			);
			name = NikolaevAA_3.5;
			productName = NikolaevAA_3.5;
			productReference = 4E583E8027AD32AC00810282 /* NikolaevAA_3.5.app */;
			productType = "com.apple.product-type.application";
		};
/* End PBXNativeTarget section */

/* Begin PBXProject section */
		4E583E7827AD32AC00810282 /* Project object */ = {
			isa = PBXProject;
			attributes = {
				BuildIndependentTargetsInParallel = 1;
				LastSwiftUpdateCheck = 1300;
				LastUpgradeCheck = 1300;
				TargetAttributes = {
					4E583E7F27AD32AC00810282 = {
						CreatedOnToolsVersion = 13.0;
					};
				};
			};
			buildConfigurationList = 4E583E7B27AD32AC00810282 /* Build configuration list for PBXProject "NikolaevAA_3.5" */;
			compatibilityVersion = "Xcode 13.0";
			developmentRegion = en;
			hasScannedForEncodings = 0;
			knownRegions = (
				en,
				Base,
			);
			mainGroup = 4E583E7727AD32AC00810282;
			productRefGroup = 4E583E8127AD32AC00810282 /* Products */;
			projectDirPath = "";
			projectRoot = "";
			targets = (
				4E583E7F27AD32AC00810282 /* NikolaevAA_3.5 */,
			);
		};
/* End PBXProject section */

/* Begin PBXResourcesBuildPhase section */
		4E583E7E27AD32AC00810282 /* Resources */ = {
			isa = PBXResourcesBuildPhase;
			buildActionMask = 2147483647;
			files = (
				4E583E8B27AD32AD00810282 /* Preview Assets.xcassets in Resources */,
				4E583E8827AD32AD00810282 /* Assets.xcassets in Resources */,
			);
			runOnlyForDeploymentPostprocessing = 0;
		};
/* End PBXResourcesBuildPhase section */

/* Begin PBXSourcesBuildPhase section */
		4E583E7C27AD32AC00810282 /* Sources */ = {
			isa = PBXSourcesBuildPhase;
			buildActionMask = 2147483647;
			files = (
				4E583E9827AD382900810282 /* UserProfileView.swift in Sources */,
				4E583E8627AD32AC00810282 /* ContactsView.swift in Sources */,
				4E583E9C27AD3AB900810282 /* ContentView.swift in Sources */,
				4E583E9427AD332800810282 /* DataManager.swift in Sources */,
				4E583E9A27AD385B00810282 /* NumbersView.swift in Sources */,
				4E583E9627AD336000810282 /* Person.swift in Sources */,
				4E583E8427AD32AC00810282 /* NikolaevAA_3_5App.swift in Sources */,
			);
			runOnlyForDeploymentPostprocessing = 0;
		};
/* End PBXSourcesBuildPhase section */

/* Begin XCBuildConfiguration section */
		4E583E8C27AD32AD00810282 /* Debug */ = {
			isa = XCBuildConfiguration;
			buildSettings = {
				ALWAYS_SEARCH_USER_PATHS = NO;
				CLANG_ANALYZER_NONNULL = YES;
				CLANG_ANALYZER_NUMBER_OBJECT_CONVERSION = YES_AGGRESSIVE;
				CLANG_CXX_LANGUAGE_STANDARD = "gnu++17";
				CLANG_CXX_LIBRARY = "libc++";
				CLANG_ENABLE_MODULES = YES;
				CLANG_ENABLE_OBJC_ARC = YES;
				CLANG_ENABLE_OBJC_WEAK = YES;
				CLANG_WARN_BLOCK_CAPTURE_AUTORELEASING = YES;
				CLANG_WARN_BOOL_CONVERSION = YES;
				CLANG_WARN_COMMA = YES;
				CLANG_WARN_CONSTANT_CONVERSION = YES;
				CLANG_WARN_DEPRECATED_OBJC_IMPLEMENTATIONS = YES;
				CLANG_WARN_DIRECT_OBJC_ISA_USAGE = YES_ERROR;
				CLANG_WARN_DOCUMENTATION_COMMENTS = YES;
				CLANG_WARN_EMPTY_BODY = YES;
				CLANG_WARN_ENUM_CONVERSION = YES;
				CLANG_WARN_INFINITE_RECURSION = YES;
				CLANG_WARN_INT_CONVERSION = YES;
				CLANG_WARN_NON_LITERAL_NULL_CONVERSION = YES;
				CLANG_WARN_OBJC_IMPLICIT_RETAIN_SELF = YES;
				CLANG_WARN_OBJC_LITERAL_CONVERSION = YES;
				CLANG_WARN_OBJC_ROOT_CLASS = YES_ERROR;
				CLANG_WARN_QUOTED_INCLUDE_IN_FRAMEWORK_HEADER = YES;
				CLANG_WARN_RANGE_LOOP_ANALYSIS = YES;
				CLANG_WARN_STRICT_PROTOTYPES = YES;
				CLANG_WARN_SUSPICIOUS_MOVE = YES;
				CLANG_WARN_UNGUARDED_AVAILABILITY = YES_AGGRESSIVE;
				CLANG_WARN_UNREACHABLE_CODE = YES;
				CLANG_WARN__DUPLICATE_METHOD_MATCH = YES;
				COPY_PHASE_STRIP = NO;
				DEBUG_INFORMATION_FORMAT = dwarf;
				ENABLE_STRICT_OBJC_MSGSEND = YES;
				ENABLE_TESTABILITY = YES;
				GCC_C_LANGUAGE_STANDARD = gnu11;
				GCC_DYNAMIC_NO_PIC = NO;
				GCC_NO_COMMON_BLOCKS = YES;
				GCC_OPTIMIZATION_LEVEL = 0;
				GCC_PREPROCESSOR_DEFINITIONS = (
					"DEBUG=1",
					"$(inherited)",
				);
				GCC_WARN_64_TO_32_BIT_CONVERSION = YES;
				GCC_WARN_ABOUT_RETURN_TYPE = YES_ERROR;
				GCC_WARN_UNDECLARED_SELECTOR = YES;
				GCC_WARN_UNINITIALIZED_AUTOS = YES_AGGRESSIVE;
				GCC_WARN_UNUSED_FUNCTION = YES;
				GCC_WARN_UNUSED_VARIABLE = YES;
				IPHONEOS_DEPLOYMENT_TARGET = 15.0;
				MTL_ENABLE_DEBUG_INFO = INCLUDE_SOURCE;
				MTL_FAST_MATH = YES;
				ONLY_ACTIVE_ARCH = YES;
				SDKROOT = iphoneos;
				SWIFT_ACTIVE_COMPILATION_CONDITIONS = DEBUG;
				SWIFT_OPTIMIZATION_LEVEL = "-Onone";
			};
			name = Debug;
		};
		4E583E8D27AD32AD00810282 /* Release */ = {
			isa = XCBuildConfiguration;
			buildSettings = {
				ALWAYS_SEARCH_USER_PATHS = NO;
				CLANG_ANALYZER_NONNULL = YES;
				CLANG_ANALYZER_NUMBER_OBJECT_CONVERSION = YES_AGGRESSIVE;
				CLANG_CXX_LANGUAGE_STANDARD = "gnu++17";
				CLANG_CXX_LIBRARY = "libc++";
				CLANG_ENABLE_MODULES = YES;
				CLANG_ENABLE_OBJC_ARC = YES;
				CLANG_ENABLE_OBJC_WEAK = YES;
				CLANG_WARN_BLOCK_CAPTURE_AUTORELEASING = YES;
				CLANG_WARN_BOOL_CONVERSION = YES;
				CLANG_WARN_COMMA = YES;
				CLANG_WARN_CONSTANT_CONVERSION = YES;
				CLANG_WARN_DEPRECATED_OBJC_IMPLEMENTATIONS = YES;
				CLANG_WARN_DIRECT_OBJC_ISA_USAGE = YES_ERROR;
				CLANG_WARN_DOCUMENTATION_COMMENTS = YES;
				CLANG_WARN_EMPTY_BODY = YES;
				CLANG_WARN_ENUM_CONVERSION = YES;
				CLANG_WARN_INFINITE_RECURSION = YES;
				CLANG_WARN_INT_CONVERSION = YES;
				CLANG_WARN_NON_LITERAL_NULL_CONVERSION = YES;
				CLANG_WARN_OBJC_IMPLICIT_RETAIN_SELF = YES;
				CLANG_WARN_OBJC_LITERAL_CONVERSION = YES;
				CLANG_WARN_OBJC_ROOT_CLASS = YES_ERROR;
				CLANG_WARN_QUOTED_INCLUDE_IN_FRAMEWORK_HEADER = YES;
				CLANG_WARN_RANGE_LOOP_ANALYSIS = YES;
				CLANG_WARN_STRICT_PROTOTYPES = YES;
				CLANG_WARN_SUSPICIOUS_MOVE = YES;
				CLANG_WARN_UNGUARDED_AVAILABILITY = YES_AGGRESSIVE;
				CLANG_WARN_UNREACHABLE_CODE = YES;
				CLANG_WARN__DUPLICATE_METHOD_MATCH = YES;
				COPY_PHASE_STRIP = NO;
				DEBUG_INFORMATION_FORMAT = "dwarf-with-dsym";
				ENABLE_NS_ASSERTIONS = NO;
				ENABLE_STRICT_OBJC_MSGSEND = YES;
				GCC_C_LANGUAGE_STANDARD = gnu11;
				GCC_NO_COMMON_BLOCKS = YES;
				GCC_WARN_64_TO_32_BIT_CONVERSION = YES;
				GCC_WARN_ABOUT_RETURN_TYPE = YES_ERROR;
				GCC_WARN_UNDECLARED_SELECTOR = YES;
				GCC_WARN_UNINITIALIZED_AUTOS = YES_AGGRESSIVE;
				GCC_WARN_UNUSED_FUNCTION = YES;
				GCC_WARN_UNUSED_VARIABLE = YES;
				IPHONEOS_DEPLOYMENT_TARGET = 15.0;
				MTL_ENABLE_DEBUG_INFO = NO;
				MTL_FAST_MATH = YES;
				SDKROOT = iphoneos;
				SWIFT_COMPILATION_MODE = wholemodule;
				SWIFT_OPTIMIZATION_LEVEL = "-O";
				VALIDATE_PRODUCT = YES;
			};
			name = Release;
		};
		4E583E8F27AD32AD00810282 /* Debug */ = {
			isa = XCBuildConfiguration;
			buildSettings = {
				ASSETCATALOG_COMPILER_APPICON_NAME = AppIcon;
				ASSETCATALOG_COMPILER_GLOBAL_ACCENT_COLOR_NAME = AccentColor;
				CODE_SIGN_STYLE = Automatic;
				CURRENT_PROJECT_VERSION = 1;
				DEVELOPMENT_ASSET_PATHS = "\"NikolaevAA_3.5/Preview Content\"";
				ENABLE_PREVIEWS = YES;
				GENERATE_INFOPLIST_FILE = YES;
				INFOPLIST_KEY_UIApplicationSceneManifest_Generation = YES;
				INFOPLIST_KEY_UIApplicationSupportsIndirectInputEvents = YES;
				INFOPLIST_KEY_UILaunchScreen_Generation = YES;
				INFOPLIST_KEY_UISupportedInterfaceOrientations_iPad = "UIInterfaceOrientationPortrait UIInterfaceOrientationPortraitUpsideDown UIInterfaceOrientationLandscapeLeft UIInterfaceOrientationLandscapeRight";
				INFOPLIST_KEY_UISupportedInterfaceOrientations_iPhone = "UIInterfaceOrientationPortrait UIInterfaceOrientationLandscapeLeft UIInterfaceOrientationLandscapeRight";
				IPHONEOS_DEPLOYMENT_TARGET = 15.0;
				LD_RUNPATH_SEARCH_PATHS = (
					"$(inherited)",
					"@executable_path/Frameworks",
				);
				MARKETING_VERSION = 1.0;
				PRODUCT_BUNDLE_IDENTIFIER = "-2.NikolaevAA-3-5";
				PRODUCT_NAME = "$(TARGET_NAME)";
				SWIFT_EMIT_LOC_STRINGS = YES;
				SWIFT_VERSION = 5.0;
				TARGETED_DEVICE_FAMILY = 1;
			};
			name = Debug;
		};
		4E583E9027AD32AD00810282 /* Release */ = {
			isa = XCBuildConfiguration;
			buildSettings = {
				ASSETCATALOG_COMPILER_APPICON_NAME = AppIcon;
				ASSETCATALOG_COMPILER_GLOBAL_ACCENT_COLOR_NAME = AccentColor;
				CODE_SIGN_STYLE = Automatic;
				CURRENT_PROJECT_VERSION = 1;
				DEVELOPMENT_ASSET_PATHS = "\"NikolaevAA_3.5/Preview Content\"";
				ENABLE_PREVIEWS = YES;
				GENERATE_INFOPLIST_FILE = YES;
				INFOPLIST_KEY_UIApplicationSceneManifest_Generation = YES;
				INFOPLIST_KEY_UIApplicationSupportsIndirectInputEvents = YES;
				INFOPLIST_KEY_UILaunchScreen_Generation = YES;
				INFOPLIST_KEY_UISupportedInterfaceOrientations_iPad = "UIInterfaceOrientationPortrait UIInterfaceOrientationPortraitUpsideDown UIInterfaceOrientationLandscapeLeft UIInterfaceOrientationLandscapeRight";
				INFOPLIST_KEY_UISupportedInterfaceOrientations_iPhone = "UIInterfaceOrientationPortrait UIInterfaceOrientationLandscapeLeft UIInterfaceOrientationLandscapeRight";
				IPHONEOS_DEPLOYMENT_TARGET = 15.0;
				LD_RUNPATH_SEARCH_PATHS = (
					"$(inherited)",
					"@executable_path/Frameworks",
				);
				MARKETING_VERSION = 1.0;
				PRODUCT_BUNDLE_IDENTIFIER = "-2.NikolaevAA-3-5";
				PRODUCT_NAME = "$(TARGET_NAME)";
				SWIFT_EMIT_LOC_STRINGS = YES;
				SWIFT_VERSION = 5.0;
				TARGETED_DEVICE_FAMILY = 1;
			};
			name = Release;
		};
/* End XCBuildConfiguration section */

/* Begin XCConfigurationList section */
		4E583E7B27AD32AC00810282 /* Build configuration list for PBXProject "NikolaevAA_3.5" */ = {
			isa = XCConfigurationList;
			buildConfigurations = (
				4E583E8C27AD32AD00810282 /* Debug */,
				4E583E8D27AD32AD00810282 /* Release */,
			);
			defaultConfigurationIsVisible = 0;
			defaultConfigurationName = Release;
		};
		4E583E8E27AD32AD00810282 /* Build configuration list for PBXNativeTarget "NikolaevAA_3.5" */ = {
			isa = XCConfigurationList;
			buildConfigurations = (
				4E583E8F27AD32AD00810282 /* Debug */,
				4E583E9027AD32AD00810282 /* Release */,
			);
			defaultConfigurationIsVisible = 0;
			defaultConfigurationName = Release;
		};
/* End XCConfigurationList section */
	};
	rootObject = 4E583E7827AD32AC00810282 /* Project object */;
}
